
Microsoft Visual Studio Solution File, Format Version 12.00
# Visual Studio Version 16
VisualStudioVersion = 16.0.32126.315
MinimumVisualStudioVersion = 10.0.40219.1
Project("{FAE04EC0-301F-11D3-BF4B-00C04F79EFBC}") = "WAGestPerso", "WAGestPerso.csproj", "{9D10E08E-F23F-4B9B-9528-446AD54681C8}"
EndProject
Global
	GlobalSection(SolutionConfigurationPlatforms) = preSolution
		Debug|Any CPU = Debug|Any CPU
		Release|Any CPU = Release|Any CPU
	EndGlobalSection
	GlobalSection(ProjectConfigurationPlatforms) = postSolution
		{9D10E08E-F23F-4B9B-9528-446AD54681C8}.Debug|Any CPU.ActiveCfg = Debug|Any CPU
		{9D10E08E-F23F-4B9B-9528-446AD54681C8}.Debug|Any CPU.Build.0 = Debug|Any CPU
		{9D10E08E-F23F-4B9B-9528-446AD54681C8}.Release|Any CPU.ActiveCfg = Release|Any CPU
		{9D10E08E-F23F-4B9B-9528-446AD54681C8}.Release|Any CPU.Build.0 = Release|Any CPU
	EndGlobalSection
	GlobalSection(SolutionProperties) = preSolution
		HideSolutionNode = FALSE
	EndGlobalSection
	GlobalSection(ExtensibilityGlobals) = postSolution
		SolutionGuid = {61316AE6-4556-46AB-BD4D-C0AF7CBFB59D}
	EndGlobalSection
EndGlobal
